// !$*UTF8*$!
{
	archiveVersion = 1;
	classes = {
	};
	objectVersion = 46;
	objects = {

/* Begin PBXBuildFile section */
		BA2EE1F91B318834009E506B /* gameOver.png in Resources */ = {isa = PBXBuildFile; fileRef = BA2EE1EB1B318834009E506B /* gameOver.png */; };
		BA2EE1FA1B318834009E506B /* gameOver@2x.png in Resources */ = {isa = PBXBuildFile; fileRef = BA2EE1EC1B318834009E506B /* gameOver@2x.png */; };
		BA2EE1FB1B318834009E506B /* penguinEvil.png in Resources */ = {isa = PBXBuildFile; fileRef = BA2EE1ED1B318834009E506B /* penguinEvil.png */; };
		BA2EE1FC1B318834009E506B /* penguinEvil@2x.png in Resources */ = {isa = PBXBuildFile; fileRef = BA2EE1EE1B318834009E506B /* penguinEvil@2x.png */; };
		BA2EE1FD1B318834009E506B /* penguinGood.png in Resources */ = {isa = PBXBuildFile; fileRef = BA2EE1EF1B318834009E506B /* penguinGood.png */; };
		BA2EE1FE1B318834009E506B /* penguinGood@2x.png in Resources */ = {isa = PBXBuildFile; fileRef = BA2EE1F01B318834009E506B /* penguinGood@2x.png */; };
		BA2EE1FF1B318834009E506B /* whack.caf in Resources */ = {isa = PBXBuildFile; fileRef = BA2EE1F11B318834009E506B /* whack.caf */; };
		BA2EE2001B318834009E506B /* whackBackground.png in Resources */ = {isa = PBXBuildFile; fileRef = BA2EE1F21B318834009E506B /* whackBackground.png */; };
		BA2EE2011B318834009E506B /* whackBackground@2x.png in Resources */ = {isa = PBXBuildFile; fileRef = BA2EE1F31B318834009E506B /* whackBackground@2x.png */; };
		BA2EE2021B318834009E506B /* whackBad.caf in Resources */ = {isa = PBXBuildFile; fileRef = BA2EE1F41B318834009E506B /* whackBad.caf */; };
		BA2EE2031B318834009E506B /* whackHole.png in Resources */ = {isa = PBXBuildFile; fileRef = BA2EE1F51B318834009E506B /* whackHole.png */; };
		BA2EE2041B318834009E506B /* whackHole@2x.png in Resources */ = {isa = PBXBuildFile; fileRef = BA2EE1F61B318834009E506B /* whackHole@2x.png */; };
		BA2EE2051B318834009E506B /* whackMask.png in Resources */ = {isa = PBXBuildFile; fileRef = BA2EE1F71B318834009E506B /* whackMask.png */; };
		BA2EE2061B318834009E506B /* whackMask@2x.png in Resources */ = {isa = PBXBuildFile; fileRef = BA2EE1F81B318834009E506B /* whackMask@2x.png */; };
		BA2EE2091B318845009E506B /* Array+Shuffling.swift in Sources */ = {isa = PBXBuildFile; fileRef = BA2EE2071B318845009E506B /* Array+Shuffling.swift */; };
		BA2EE20A1B318845009E506B /* Helper.swift in Sources */ = {isa = PBXBuildFile; fileRef = BA2EE2081B318845009E506B /* Helper.swift */; };
		BADCBA6D1B313D9F002FB218 /* AppDelegate.swift in Sources */ = {isa = PBXBuildFile; fileRef = BADCBA6C1B313D9F002FB218 /* AppDelegate.swift */; };
		BADCBA6F1B313D9F002FB218 /* GameScene.sks in Resources */ = {isa = PBXBuildFile; fileRef = BADCBA6E1B313D9F002FB218 /* GameScene.sks */; };
		BADCBA711B313D9F002FB218 /* GameScene.swift in Sources */ = {isa = PBXBuildFile; fileRef = BADCBA701B313D9F002FB218 /* GameScene.swift */; };
		BADCBA731B313D9F002FB218 /* GameViewController.swift in Sources */ = {isa = PBXBuildFile; fileRef = BADCBA721B313D9F002FB218 /* GameViewController.swift */; };
		BADCBA761B313D9F002FB218 /* Main.storyboard in Resources */ = {isa = PBXBuildFile; fileRef = BADCBA741B313D9F002FB218 /* Main.storyboard */; };
		BADCBA781B313D9F002FB218 /* Images.xcassets in Resources */ = {isa = PBXBuildFile; fileRef = BADCBA771B313D9F002FB218 /* Images.xcassets */; };
		BADCBA7B1B313D9F002FB218 /* LaunchScreen.xib in Resources */ = {isa = PBXBuildFile; fileRef = BADCBA791B313D9F002FB218 /* LaunchScreen.xib */; };
		BADCBA871B313D9F002FB218 /* Project14Whack_a_PenguinTests.swift in Sources */ = {isa = PBXBuildFile; fileRef = BADCBA861B313D9F002FB218 /* Project14Whack_a_PenguinTests.swift */; };
/* End PBXBuildFile section */

/* Begin PBXContainerItemProxy section */
		BADCBA811B313D9F002FB218 /* PBXContainerItemProxy */ = {
			isa = PBXContainerItemProxy;
			containerPortal = BADCBA5F1B313D9F002FB218 /* Project object */;
			proxyType = 1;
			remoteGlobalIDString = BADCBA661B313D9F002FB218;
			remoteInfo = "Project14Whack-a-Penguin";
		};
/* End PBXContainerItemProxy section */

/* Begin PBXFileReference section */
		BA2EE1EB1B318834009E506B /* gameOver.png */ = {isa = PBXFileReference; lastKnownFileType = image.png; path = gameOver.png; sourceTree = "<group>"; };
		BA2EE1EC1B318834009E506B /* gameOver@2x.png */ = {isa = PBXFileReference; lastKnownFileType = image.png; path = "gameOver@2x.png"; sourceTree = "<group>"; };
		BA2EE1ED1B318834009E506B /* penguinEvil.png */ = {isa = PBXFileReference; lastKnownFileType = image.png; path = penguinEvil.png; sourceTree = "<group>"; };
		BA2EE1EE1B318834009E506B /* penguinEvil@2x.png */ = {isa = PBXFileReference; lastKnownFileType = image.png; path = "penguinEvil@2x.png"; sourceTree = "<group>"; };
		BA2EE1EF1B318834009E506B /* penguinGood.png */ = {isa = PBXFileReference; lastKnownFileType = image.png; path = penguinGood.png; sourceTree = "<group>"; };
		BA2EE1F01B318834009E506B /* penguinGood@2x.png */ = {isa = PBXFileReference; lastKnownFileType = image.png; path = "penguinGood@2x.png"; sourceTree = "<group>"; };
		BA2EE1F11B318834009E506B /* whack.caf */ = {isa = PBXFileReference; lastKnownFileType = file; path = whack.caf; sourceTree = "<group>"; };
		BA2EE1F21B318834009E506B /* whackBackground.png */ = {isa = PBXFileReference; lastKnownFileType = image.png; path = whackBackground.png; sourceTree = "<group>"; };
		BA2EE1F31B318834009E506B /* whackBackground@2x.png */ = {isa = PBXFileReference; lastKnownFileType = image.png; path = "whackBackground@2x.png"; sourceTree = "<group>"; };
		BA2EE1F41B318834009E506B /* whackBad.caf */ = {isa = PBXFileReference; lastKnownFileType = file; path = whackBad.caf; sourceTree = "<group>"; };
		BA2EE1F51B318834009E506B /* whackHole.png */ = {isa = PBXFileReference; lastKnownFileType = image.png; path = whackHole.png; sourceTree = "<group>"; };
		BA2EE1F61B318834009E506B /* whackHole@2x.png */ = {isa = PBXFileReference; lastKnownFileType = image.png; path = "whackHole@2x.png"; sourceTree = "<group>"; };
		BA2EE1F71B318834009E506B /* whackMask.png */ = {isa = PBXFileReference; lastKnownFileType = image.png; path = whackMask.png; sourceTree = "<group>"; };
		BA2EE1F81B318834009E506B /* whackMask@2x.png */ = {isa = PBXFileReference; lastKnownFileType = image.png; path = "whackMask@2x.png"; sourceTree = "<group>"; };
		BA2EE2071B318845009E506B /* Array+Shuffling.swift */ = {isa = PBXFileReference; fileEncoding = 4; lastKnownFileType = sourcecode.swift; name = "Array+Shuffling.swift"; path = "Content/Array+Shuffling.swift"; sourceTree = "<group>"; };
		BA2EE2081B318845009E506B /* Helper.swift */ = {isa = PBXFileReference; fileEncoding = 4; lastKnownFileType = sourcecode.swift; name = Helper.swift; path = Content/Helper.swift; sourceTree = "<group>"; };
		BADCBA671B313D9F002FB218 /* Project14Whack-a-Penguin.app */ = {isa = PBXFileReference; explicitFileType = wrapper.application; includeInIndex = 0; path = "Project14Whack-a-Penguin.app"; sourceTree = BUILT_PRODUCTS_DIR; };
		BADCBA6B1B313D9F002FB218 /* Info.plist */ = {isa = PBXFileReference; lastKnownFileType = text.plist.xml; path = Info.plist; sourceTree = "<group>"; };
		BADCBA6C1B313D9F002FB218 /* AppDelegate.swift */ = {isa = PBXFileReference; lastKnownFileType = sourcecode.swift; path = AppDelegate.swift; sourceTree = "<group>"; };
		BADCBA6E1B313D9F002FB218 /* GameScene.sks */ = {isa = PBXFileReference; lastKnownFileType = file.sks; path = GameScene.sks; sourceTree = "<group>"; };
		BADCBA701B313D9F002FB218 /* GameScene.swift */ = {isa = PBXFileReference; lastKnownFileType = sourcecode.swift; path = GameScene.swift; sourceTree = "<group>"; };
		BADCBA721B313D9F002FB218 /* GameViewController.swift */ = {isa = PBXFileReference; lastKnownFileType = sourcecode.swift; path = GameViewController.swift; sourceTree = "<group>"; };
		BADCBA751B313D9F002FB218 /* Base */ = {isa = PBXFileReference; lastKnownFileType = file.storyboard; name = Base; path = Base.lproj/Main.storyboard; sourceTree = "<group>"; };
		BADCBA771B313D9F002FB218 /* Images.xcassets */ = {isa = PBXFileReference; lastKnownFileType = folder.assetcatalog; path = Images.xcassets; sourceTree = "<group>"; };
		BADCBA7A1B313D9F002FB218 /* Base */ = {isa = PBXFileReference; lastKnownFileType = file.xib; name = Base; path = Base.lproj/LaunchScreen.xib; sourceTree = "<group>"; };
		BADCBA801B313D9F002FB218 /* Project14Whack-a-PenguinTests.xctest */ = {isa = PBXFileReference; explicitFileType = wrapper.cfbundle; includeInIndex = 0; path = "Project14Whack-a-PenguinTests.xctest"; sourceTree = BUILT_PRODUCTS_DIR; };
		BADCBA851B313D9F002FB218 /* Info.plist */ = {isa = PBXFileReference; lastKnownFileType = text.plist.xml; path = Info.plist; sourceTree = "<group>"; };
		BADCBA861B313D9F002FB218 /* Project14Whack_a_PenguinTests.swift */ = {isa = PBXFileReference; lastKnownFileType = sourcecode.swift; path = Project14Whack_a_PenguinTests.swift; sourceTree = "<group>"; };
/* End PBXFileReference section */

/* Begin PBXFrameworksBuildPhase section */
		BADCBA641B313D9F002FB218 /* Frameworks */ = {
			isa = PBXFrameworksBuildPhase;
			buildActionMask = 2147483647;
			files = (
			);
			runOnlyForDeploymentPostprocessing = 0;
		};
		BADCBA7D1B313D9F002FB218 /* Frameworks */ = {
			isa = PBXFrameworksBuildPhase;
			buildActionMask = 2147483647;
			files = (
			);
			runOnlyForDeploymentPostprocessing = 0;
		};
/* End PBXFrameworksBuildPhase section */

/* Begin PBXGroup section */
		BA2EE1EA1B318834009E506B /* Content */ = {
			isa = PBXGroup;
			children = (
				BA2EE1EB1B318834009E506B /* gameOver.png */,
				BA2EE1EC1B318834009E506B /* gameOver@2x.png */,
				BA2EE1ED1B318834009E506B /* penguinEvil.png */,
				BA2EE1EE1B318834009E506B /* penguinEvil@2x.png */,
				BA2EE1EF1B318834009E506B /* penguinGood.png */,
				BA2EE1F01B318834009E506B /* penguinGood@2x.png */,
				BA2EE1F11B318834009E506B /* whack.caf */,
				BA2EE1F21B318834009E506B /* whackBackground.png */,
				BA2EE1F31B318834009E506B /* whackBackground@2x.png */,
				BA2EE1F41B318834009E506B /* whackBad.caf */,
				BA2EE1F51B318834009E506B /* whackHole.png */,
				BA2EE1F61B318834009E506B /* whackHole@2x.png */,
				BA2EE1F71B318834009E506B /* whackMask.png */,
				BA2EE1F81B318834009E506B /* whackMask@2x.png */,
			);
			path = Content;
			sourceTree = "<group>";
		};
		BADCBA5E1B313D9F002FB218 = {
			isa = PBXGroup;
			children = (
				BADCBA691B313D9F002FB218 /* Project14Whack-a-Penguin */,
				BADCBA831B313D9F002FB218 /* Project14Whack-a-PenguinTests */,
				BADCBA681B313D9F002FB218 /* Products */,
			);
			sourceTree = "<group>";
		};
		BADCBA681B313D9F002FB218 /* Products */ = {
			isa = PBXGroup;
			children = (
				BADCBA671B313D9F002FB218 /* Project14Whack-a-Penguin.app */,
				BADCBA801B313D9F002FB218 /* Project14Whack-a-PenguinTests.xctest */,
			);
			name = Products;
			sourceTree = "<group>";
		};
		BADCBA691B313D9F002FB218 /* Project14Whack-a-Penguin */ = {
			isa = PBXGroup;
			children = (
				BADCBA6E1B313D9F002FB218 /* GameScene.sks */,
				BADCBA701B313D9F002FB218 /* GameScene.swift */,
				BADCBA721B313D9F002FB218 /* GameViewController.swift */,
				BADCBA741B313D9F002FB218 /* Main.storyboard */,
				BA2EE2081B318845009E506B /* Helper.swift */,
				BA2EE2071B318845009E506B /* Array+Shuffling.swift */,
				BA2EE1EA1B318834009E506B /* Content */,
				BADCBA6A1B313D9F002FB218 /* Supporting Files */,
			);
			path = "Project14Whack-a-Penguin";
			sourceTree = "<group>";
		};
		BADCBA6A1B313D9F002FB218 /* Supporting Files */ = {
			isa = PBXGroup;
			children = (
				BADCBA6C1B313D9F002FB218 /* AppDelegate.swift */,
				BADCBA771B313D9F002FB218 /* Images.xcassets */,
				BADCBA791B313D9F002FB218 /* LaunchScreen.xib */,
				BADCBA6B1B313D9F002FB218 /* Info.plist */,
			);
			name = "Supporting Files";
			sourceTree = "<group>";
		};
		BADCBA831B313D9F002FB218 /* Project14Whack-a-PenguinTests */ = {
			isa = PBXGroup;
			children = (
				BADCBA861B313D9F002FB218 /* Project14Whack_a_PenguinTests.swift */,
				BADCBA841B313D9F002FB218 /* Supporting Files */,
			);
			path = "Project14Whack-a-PenguinTests";
			sourceTree = "<group>";
		};
		BADCBA841B313D9F002FB218 /* Supporting Files */ = {
			isa = PBXGroup;
			children = (
				BADCBA851B313D9F002FB218 /* Info.plist */,
			);
			name = "Supporting Files";
			sourceTree = "<group>";
		};
/* End PBXGroup section */

/* Begin PBXNativeTarget section */
		BADCBA661B313D9F002FB218 /* Project14Whack-a-Penguin */ = {
			isa = PBXNativeTarget;
			buildConfigurationList = BADCBA8A1B313D9F002FB218 /* Build configuration list for PBXNativeTarget "Project14Whack-a-Penguin" */;
			buildPhases = (
				BADCBA631B313D9F002FB218 /* Sources */,
				BADCBA641B313D9F002FB218 /* Frameworks */,
				BADCBA651B313D9F002FB218 /* Resources */,
			);
			buildRules = (
			);
			dependencies = (
			);
			name = "Project14Whack-a-Penguin";
			productName = "Project14Whack-a-Penguin";
			productReference = BADCBA671B313D9F002FB218 /* Project14Whack-a-Penguin.app */;
			productType = "com.apple.product-type.application";
		};
		BADCBA7F1B313D9F002FB218 /* Project14Whack-a-PenguinTests */ = {
			isa = PBXNativeTarget;
			buildConfigurationList = BADCBA8D1B313D9F002FB218 /* Build configuration list for PBXNativeTarget "Project14Whack-a-PenguinTests" */;
			buildPhases = (
				BADCBA7C1B313D9F002FB218 /* Sources */,
				BADCBA7D1B313D9F002FB218 /* Frameworks */,
				BADCBA7E1B313D9F002FB218 /* Resources */,
			);
			buildRules = (
			);
			dependencies = (
				BADCBA821B313D9F002FB218 /* PBXTargetDependency */,
			);
			name = "Project14Whack-a-PenguinTests";
			productName = "Project14Whack-a-PenguinTests";
			productReference = BADCBA801B313D9F002FB218 /* Project14Whack-a-PenguinTests.xctest */;
			productType = "com.apple.product-type.bundle.unit-test";
		};
/* End PBXNativeTarget section */

/* Begin PBXProject section */
		BADCBA5F1B313D9F002FB218 /* Project object */ = {
			isa = PBXProject;
			attributes = {
				LastUpgradeCheck = 0630;
				ORGANIZATIONNAME = Henry;
				TargetAttributes = {
					BADCBA661B313D9F002FB218 = {
						CreatedOnToolsVersion = 6.3.2;
					};
					BADCBA7F1B313D9F002FB218 = {
						CreatedOnToolsVersion = 6.3.2;
						TestTargetID = BADCBA661B313D9F002FB218;
					};
				};
			};
			buildConfigurationList = BADCBA621B313D9F002FB218 /* Build configuration list for PBXProject "Project14Whack-a-Penguin" */;
			compatibilityVersion = "Xcode 3.2";
			developmentRegion = English;
			hasScannedForEncodings = 0;
			knownRegions = (
				en,
				Base,
			);
			mainGroup = BADCBA5E1B313D9F002FB218;
			productRefGroup = BADCBA681B313D9F002FB218 /* Products */;
			projectDirPath = "";
			projectRoot = "";
			targets = (
				BADCBA661B313D9F002FB218 /* Project14Whack-a-Penguin */,
				BADCBA7F1B313D9F002FB218 /* Project14Whack-a-PenguinTests */,
			);
		};
/* End PBXProject section */

/* Begin PBXResourcesBuildPhase section */
		BADCBA651B313D9F002FB218 /* Resources */ = {
			isa = PBXResourcesBuildPhase;
			buildActionMask = 2147483647;
			files = (
				BA2EE1F91B318834009E506B /* gameOver.png in Resources */,
				BADCBA7B1B313D9F002FB218 /* LaunchScreen.xib in Resources */,
				BA2EE1FA1B318834009E506B /* gameOver@2x.png in Resources */,
				BA2EE2051B318834009E506B /* whackMask.png in Resources */,
				BA2EE2041B318834009E506B /* whackHole@2x.png in Resources */,
				BADCBA781B313D9F002FB218 /* Images.xcassets in Resources */,
				BA2EE2031B318834009E506B /* whackHole.png in Resources */,
				BA2EE2011B318834009E506B /* whackBackground@2x.png in Resources */,
				BA2EE2001B318834009E506B /* whackBackground.png in Resources */,
				BADCBA6F1B313D9F002FB218 /* GameScene.sks in Resources */,
				BA2EE1FC1B318834009E506B /* penguinEvil@2x.png in Resources */,
				BA2EE1FB1B318834009E506B /* penguinEvil.png in Resources */,
				BADCBA761B313D9F002FB218 /* Main.storyboard in Resources */,
				BA2EE2061B318834009E506B /* whackMask@2x.png in Resources */,
				BA2EE1FF1B318834009E506B /* whack.caf in Resources */,
				BA2EE1FE1B318834009E506B /* penguinGood@2x.png in Resources */,
				BA2EE1FD1B318834009E506B /* penguinGood.png in Resources */,
				BA2EE2021B318834009E506B /* whackBad.caf in Resources */,
			);
			runOnlyForDeploymentPostprocessing = 0;
		};
		BADCBA7E1B313D9F002FB218 /* Resources */ = {
			isa = PBXResourcesBuildPhase;
			buildActionMask = 2147483647;
			files = (
			);
			runOnlyForDeploymentPostprocessing = 0;
		};
/* End PBXResourcesBuildPhase section */

/* Begin PBXSourcesBuildPhase section */
		BADCBA631B313D9F002FB218 /* Sources */ = {
			isa = PBXSourcesBuildPhase;
			buildActionMask = 2147483647;
			files = (
				BA2EE2091B318845009E506B /* Array+Shuffling.swift in Sources */,
				BADCBA711B313D9F002FB218 /* GameScene.swift in Sources */,
				BA2EE20A1B318845009E506B /* Helper.swift in Sources */,
				BADCBA731B313D9F002FB218 /* GameViewController.swift in Sources */,
				BADCBA6D1B313D9F002FB218 /* AppDelegate.swift in Sources */,
			);
			runOnlyForDeploymentPostprocessing = 0;
		};
		BADCBA7C1B313D9F002FB218 /* Sources */ = {
			isa = PBXSourcesBuildPhase;
			buildActionMask = 2147483647;
			files = (
				BADCBA871B313D9F002FB218 /* Project14Whack_a_PenguinTests.swift in Sources */,
			);
			runOnlyForDeploymentPostprocessing = 0;
		};
/* End PBXSourcesBuildPhase section */

/* Begin PBXTargetDependency section */
		BADCBA821B313D9F002FB218 /* PBXTargetDependency */ = {
			isa = PBXTargetDependency;
			target = BADCBA661B313D9F002FB218 /* Project14Whack-a-Penguin */;
			targetProxy = BADCBA811B313D9F002FB218 /* PBXContainerItemProxy */;
		};
/* End PBXTargetDependency section */

/* Begin PBXVariantGroup section */
		BADCBA741B313D9F002FB218 /* Main.storyboard */ = {
			isa = PBXVariantGroup;
			children = (
				BADCBA751B313D9F002FB218 /* Base */,
			);
			name = Main.storyboard;
			sourceTree = "<group>";
		};
		BADCBA791B313D9F002FB218 /* LaunchScreen.xib */ = {
			isa = PBXVariantGroup;
			children = (
				BADCBA7A1B313D9F002FB218 /* Base */,
			);
			name = LaunchScreen.xib;
			sourceTree = "<group>";
		};
/* End PBXVariantGroup section */

/* Begin XCBuildConfiguration section */
		BADCBA881B313D9F002FB218 /* Debug */ = {
			isa = XCBuildConfiguration;
			buildSettings = {
				ALWAYS_SEARCH_USER_PATHS = NO;
				CLANG_CXX_LANGUAGE_STANDARD = "gnu++0x";
				CLANG_CXX_LIBRARY = "libc++";
				CLANG_ENABLE_MODULES = YES;
				CLANG_ENABLE_OBJC_ARC = YES;
				CLANG_WARN_BOOL_CONVERSION = YES;
				CLANG_WARN_CONSTANT_CONVERSION = YES;
				CLANG_WARN_DIRECT_OBJC_ISA_USAGE = YES_ERROR;
				CLANG_WARN_EMPTY_BODY = YES;
				CLANG_WARN_ENUM_CONVERSION = YES;
				CLANG_WARN_INT_CONVERSION = YES;
				CLANG_WARN_OBJC_ROOT_CLASS = YES_ERROR;
				CLANG_WARN_UNREACHABLE_CODE = YES;
				CLANG_WARN__DUPLICATE_METHOD_MATCH = YES;
				"CODE_SIGN_IDENTITY[sdk=iphoneos*]" = "iPhone Developer";
				COPY_PHASE_STRIP = NO;
				DEBUG_INFORMATION_FORMAT = "dwarf-with-dsym";
				ENABLE_STRICT_OBJC_MSGSEND = YES;
				GCC_C_LANGUAGE_STANDARD = gnu99;
				GCC_DYNAMIC_NO_PIC = NO;
				GCC_NO_COMMON_BLOCKS = YES;
				GCC_OPTIMIZATION_LEVEL = 0;
				GCC_PREPROCESSOR_DEFINITIONS = (
					"DEBUG=1",
					"$(inherited)",
				);
				GCC_SYMBOLS_PRIVATE_EXTERN = NO;
				GCC_WARN_64_TO_32_BIT_CONVERSION = YES;
				GCC_WARN_ABOUT_RETURN_TYPE = YES_ERROR;
				GCC_WARN_UNDECLARED_SELECTOR = YES;
				GCC_WARN_UNINITIALIZED_AUTOS = YES_AGGRESSIVE;
				GCC_WARN_UNUSED_FUNCTION = YES;
				GCC_WARN_UNUSED_VARIABLE = YES;
				IPHONEOS_DEPLOYMENT_TARGET = 8.3;
				MTL_ENABLE_DEBUG_INFO = YES;
				ONLY_ACTIVE_ARCH = YES;
				SDKROOT = iphoneos;
				SWIFT_OPTIMIZATION_LEVEL = "-Onone";
				TARGETED_DEVICE_FAMILY = 2;
			};
			name = Debug;
		};
		BADCBA891B313D9F002FB218 /* Release */ = {
			isa = XCBuildConfiguration;
			buildSettings = {
				ALWAYS_SEARCH_USER_PATHS = NO;
				CLANG_CXX_LANGUAGE_STANDARD = "gnu++0x";
				CLANG_CXX_LIBRARY = "libc++";
				CLANG_ENABLE_MODULES = YES;
				CLANG_ENABLE_OBJC_ARC = YES;
				CLANG_WARN_BOOL_CONVERSION = YES;
				CLANG_WARN_CONSTANT_CONVERSION = YES;
				CLANG_WARN_DIRECT_OBJC_ISA_USAGE = YES_ERROR;
				CLANG_WARN_EMPTY_BODY = YES;
				CLANG_WARN_ENUM_CONVERSION = YES;
				CLANG_WARN_INT_CONVERSION = YES;
				CLANG_WARN_OBJC_ROOT_CLASS = YES_ERROR;
				CLANG_WARN_UNREACHABLE_CODE = YES;
				CLANG_WARN__DUPLICATE_METHOD_MATCH = YES;
				"CODE_SIGN_IDENTITY[sdk=iphoneos*]" = "iPhone Developer";
				COPY_PHASE_STRIP = NO;
				DEBUG_INFORMATION_FORMAT = "dwarf-with-dsym";
				ENABLE_NS_ASSERTIONS = NO;
				ENABLE_STRICT_OBJC_MSGSEND = YES;
				GCC_C_LANGUAGE_STANDARD = gnu99;
				GCC_NO_COMMON_BLOCKS = YES;
				GCC_WARN_64_TO_32_BIT_CONVERSION = YES;
				GCC_WARN_ABOUT_RETURN_TYPE = YES_ERROR;
				GCC_WARN_UNDECLARED_SELECTOR = YES;
				GCC_WARN_UNINITIALIZED_AUTOS = YES_AGGRESSIVE;
				GCC_WARN_UNUSED_FUNCTION = YES;
				GCC_WARN_UNUSED_VARIABLE = YES;
				IPHONEOS_DEPLOYMENT_TARGET = 8.3;
				MTL_ENABLE_DEBUG_INFO = NO;
				SDKROOT = iphoneos;
				TARGETED_DEVICE_FAMILY = 2;
				VALIDATE_PRODUCT = YES;
			};
			name = Release;
		};
		BADCBA8B1B313D9F002FB218 /* Debug */ = {
			isa = XCBuildConfiguration;
			buildSettings = {
				ASSETCATALOG_COMPILER_APPICON_NAME = AppIcon;
				INFOPLIST_FILE = "Project14Whack-a-Penguin/Info.plist";
				LD_RUNPATH_SEARCH_PATHS = "$(inherited) @executable_path/Frameworks";
				PRODUCT_NAME = "$(TARGET_NAME)";
			};
			name = Debug;
		};
		BADCBA8C1B313D9F002FB218 /* Release */ = {
			isa = XCBuildConfiguration;
			buildSettings = {
				ASSETCATALOG_COMPILER_APPICON_NAME = AppIcon;
				INFOPLIST_FILE = "Project14Whack-a-Penguin/Info.plist";
				LD_RUNPATH_SEARCH_PATHS = "$(inherited) @executable_path/Frameworks";
				PRODUCT_NAME = "$(TARGET_NAME)";
			};
			name = Release;
		};
		BADCBA8E1B313D9F002FB218 /* Debug */ = {
			isa = XCBuildConfiguration;
			buildSettings = {
				BUNDLE_LOADER = "$(TEST_HOST)";
				FRAMEWORK_SEARCH_PATHS = (
					"$(SDKROOT)/Developer/Library/Frameworks",
					"$(inherited)",
				);
				GCC_PREPROCESSOR_DEFINITIONS = (
					"DEBUG=1",
					"$(inherited)",
				);
				INFOPLIST_FILE = "Project14Whack-a-PenguinTests/Info.plist";
				LD_RUNPATH_SEARCH_PATHS = "$(inherited) @executable_path/Frameworks @loader_path/Frameworks";
				PRODUCT_NAME = "$(TARGET_NAME)";
				TEST_HOST = "$(BUILT_PRODUCTS_DIR)/Project14Whack-a-Penguin.app/Project14Whack-a-Penguin";
			};
			name = Debug;
		};
		BADCBA8F1B313D9F002FB218 /* Release */ = {
			isa = XCBuildConfiguration;
			buildSettings = {
				BUNDLE_LOADER = "$(TEST_HOST)";
				FRAMEWORK_SEARCH_PATHS = (
					"$(SDKROOT)/Developer/Library/Frameworks",
					"$(inherited)",
				);
				INFOPLIST_FILE = "Project14Whack-a-PenguinTests/Info.plist";
				LD_RUNPATH_SEARCH_PATHS = "$(inherited) @executable_path/Frameworks @loader_path/Frameworks";
				PRODUCT_NAME = "$(TARGET_NAME)";
				TEST_HOST = "$(BUILT_PRODUCTS_DIR)/Project14Whack-a-Penguin.app/Project14Whack-a-Penguin";
			};
			name = Release;
		};
/* End XCBuildConfiguration section */

/* Begin XCConfigurationList section */
		BADCBA621B313D9F002FB218 /* Build configuration list for PBXProject "Project14Whack-a-Penguin" */ = {
			isa = XCConfigurationList;
			buildConfigurations = (
				BADCBA881B313D9F002FB218 /* Debug */,
				BADCBA891B313D9F002FB218 /* Release */,
			);
			defaultConfigurationIsVisible = 0;
			defaultConfigurationName = Release;
		};
		BADCBA8A1B313D9F002FB218 /* Build configuration list for PBXNativeTarget "Project14Whack-a-Penguin" */ = {
			isa = XCConfigurationList;
			buildConfigurations = (
				BADCBA8B1B313D9F002FB218 /* Debug */,
				BADCBA8C1B313D9F002FB218 /* Release */,
			);
			defaultConfigurationIsVisible = 0;
			defaultConfigurationName = Release;
		};
		BADCBA8D1B313D9F002FB218 /* Build configuration list for PBXNativeTarget "Project14Whack-a-PenguinTests" */ = {
			isa = XCConfigurationList;
			buildConfigurations = (
				BADCBA8E1B313D9F002FB218 /* Debug */,
				BADCBA8F1B313D9F002FB218 /* Release */,
			);
			defaultConfigurationIsVisible = 0;
			defaultConfigurationName = Release;
		};
/* End XCConfigurationList section */
	};
	rootObject = BADCBA5F1B313D9F002FB218 /* Project object */;
}
